<Solution>
  <Project Path="EventSourcing.Api/EventSourcing.Api.csproj" Id="3f3f04e4-2c05-49e9-9e59-c0070abcd00e" />
  <Project Path="EventSourcing.Shared/EventSourcing.Shared.csproj" Id="2bf124da-8982-469c-9fcc-0ef440215f70" />
  <Project Path="OrderChoreography.Api/OrderChoreography.Api.csproj" />
  <Project Path="OrderOrchestration.Api/OrderOrchestration.Api.csproj" Id="43ce5fd9-1183-41d3-9e72-b68403e9bf6d" />
  <Project Path="PaymentChoreography.Api/PaymentChoreography.Api.csproj" />
  <Project Path="PaymentOrchestration.Api/PaymentOrchestration.Api.csproj" Id="9b4e70e9-2821-412f-b296-30e96581c10e" />
  <Project Path="SagaOrchestrationStateMachineWorkerService/SagaOrchestrationStateMachineWorkerService.csproj" Id="c1eae44f-93ce-426a-a547-afa259186dc2" />
  <Project Path="SharedChoreography/SharedChoreography.csproj" />
  <Project Path="SharedOrchestration/SharedOrchestration.csproj" Id="cf6b1d74-2076-494f-84e0-538dc9baa293" />
  <Project Path="StockChoreography.Api/StockChoreography.Api.csproj" />
  <Project Path="StockOrchestration.Api/StockOrchestration.Api.csproj" Id="f616004b-f660-4ff5-bcd3-2c4549c66a5a" />
</Solution>
